// !$*UTF8*$!
{
	archiveVersion = 1;
	classes = {
	};
	objectVersion = 46;
	objects = {

/* Begin PBXBuildFile section */
		19DAE7CC19D30BD400519D22 /* main.m in Sources */ = {isa = PBXBuildFile; fileRef = 19DAE7CB19D30BD400519D22 /* main.m */; };
		19DAE7CF19D30BD400519D22 /* AppDelegate.m in Sources */ = {isa = PBXBuildFile; fileRef = 19DAE7CE19D30BD400519D22 /* AppDelegate.m */; };
		19DAE7D219D30BD400519D22 /* TESTTTTTTT.xcdatamodeld in Sources */ = {isa = PBXBuildFile; fileRef = 19DAE7D019D30BD400519D22 /* TESTTTTTTT.xcdatamodeld */; };
		19DAE7D519D30BD400519D22 /* MasterViewController.m in Sources */ = {isa = PBXBuildFile; fileRef = 19DAE7D419D30BD400519D22 /* MasterViewController.m */; };
		19DAE7D819D30BD400519D22 /* DetailViewController.m in Sources */ = {isa = PBXBuildFile; fileRef = 19DAE7D719D30BD400519D22 /* DetailViewController.m */; };
		19DAE7DB19D30BD400519D22 /* Main.storyboard in Resources */ = {isa = PBXBuildFile; fileRef = 19DAE7D919D30BD400519D22 /* Main.storyboard */; };
		19DAE7DD19D30BD400519D22 /* Images.xcassets in Resources */ = {isa = PBXBuildFile; fileRef = 19DAE7DC19D30BD400519D22 /* Images.xcassets */; };
		19DAE7E019D30BD400519D22 /* LaunchScreen.xib in Resources */ = {isa = PBXBuildFile; fileRef = 19DAE7DE19D30BD400519D22 /* LaunchScreen.xib */; };
		19DAE7EC19D30BD400519D22 /* TESTTTTTTTTests.m in Sources */ = {isa = PBXBuildFile; fileRef = 19DAE7EB19D30BD400519D22 /* TESTTTTTTTTests.m */; };
/* End PBXBuildFile section */

/* Begin PBXContainerItemProxy section */
		19DAE7E619D30BD400519D22 /* PBXContainerItemProxy */ = {
			isa = PBXContainerItemProxy;
			containerPortal = 19DAE7BE19D30BD400519D22 /* Project object */;
			proxyType = 1;
			remoteGlobalIDString = 19DAE7C519D30BD400519D22;
			remoteInfo = TESTTTTTTT;
		};
/* End PBXContainerItemProxy section */

/* Begin PBXFileReference section */
		19DAE7C619D30BD400519D22 /* TESTTTTTTT.app */ = {isa = PBXFileReference; explicitFileType = wrapper.application; includeInIndex = 0; path = TESTTTTTTT.app; sourceTree = BUILT_PRODUCTS_DIR; };
		19DAE7CA19D30BD400519D22 /* Info.plist */ = {isa = PBXFileReference; lastKnownFileType = text.plist.xml; path = Info.plist; sourceTree = "<group>"; };
		19DAE7CB19D30BD400519D22 /* main.m */ = {isa = PBXFileReference; lastKnownFileType = sourcecode.c.objc; path = main.m; sourceTree = "<group>"; };
		19DAE7CD19D30BD400519D22 /* AppDelegate.h */ = {isa = PBXFileReference; lastKnownFileType = sourcecode.c.h; path = AppDelegate.h; sourceTree = "<group>"; };
		19DAE7CE19D30BD400519D22 /* AppDelegate.m */ = {isa = PBXFileReference; lastKnownFileType = sourcecode.c.objc; path = AppDelegate.m; sourceTree = "<group>"; };
		19DAE7D119D30BD400519D22 /* TESTTTTTTT.xcdatamodel */ = {isa = PBXFileReference; lastKnownFileType = wrapper.xcdatamodel; path = TESTTTTTTT.xcdatamodel; sourceTree = "<group>"; };
		19DAE7D319D30BD400519D22 /* MasterViewController.h */ = {isa = PBXFileReference; lastKnownFileType = sourcecode.c.h; path = MasterViewController.h; sourceTree = "<group>"; };
		19DAE7D419D30BD400519D22 /* MasterViewController.m */ = {isa = PBXFileReference; lastKnownFileType = sourcecode.c.objc; path = MasterViewController.m; sourceTree = "<group>"; };
		19DAE7D619D30BD400519D22 /* DetailViewController.h */ = {isa = PBXFileReference; lastKnownFileType = sourcecode.c.h; path = DetailViewController.h; sourceTree = "<group>"; };
		19DAE7D719D30BD400519D22 /* DetailViewController.m */ = {isa = PBXFileReference; lastKnownFileType = sourcecode.c.objc; path = DetailViewController.m; sourceTree = "<group>"; };
		19DAE7DA19D30BD400519D22 /* Base */ = {isa = PBXFileReference; lastKnownFileType = file.storyboard; name = Base; path = Base.lproj/Main.storyboard; sourceTree = "<group>"; };
		19DAE7DC19D30BD400519D22 /* Images.xcassets */ = {isa = PBXFileReference; lastKnownFileType = folder.assetcatalog; path = Images.xcassets; sourceTree = "<group>"; };
		19DAE7DF19D30BD400519D22 /* Base */ = {isa = PBXFileReference; lastKnownFileType = file.xib; name = Base; path = Base.lproj/LaunchScreen.xib; sourceTree = "<group>"; };
		19DAE7E519D30BD400519D22 /* TESTTTTTTTTests.xctest */ = {isa = PBXFileReference; explicitFileType = wrapper.cfbundle; includeInIndex = 0; path = TESTTTTTTTTests.xctest; sourceTree = BUILT_PRODUCTS_DIR; };
		19DAE7EA19D30BD400519D22 /* Info.plist */ = {isa = PBXFileReference; lastKnownFileType = text.plist.xml; path = Info.plist; sourceTree = "<group>"; };
		19DAE7EB19D30BD400519D22 /* TESTTTTTTTTests.m */ = {isa = PBXFileReference; lastKnownFileType = sourcecode.c.objc; path = TESTTTTTTTTests.m; sourceTree = "<group>"; };
/* End PBXFileReference section */

/* Begin PBXFrameworksBuildPhase section */
		19DAE7C319D30BD400519D22 /* Frameworks */ = {
			isa = PBXFrameworksBuildPhase;
			buildActionMask = 2147483647;
			files = (
			);
			runOnlyForDeploymentPostprocessing = 0;
		};
		19DAE7E219D30BD400519D22 /* Frameworks */ = {
			isa = PBXFrameworksBuildPhase;
			buildActionMask = 2147483647;
			files = (
			);
			runOnlyForDeploymentPostprocessing = 0;
		};
/* End PBXFrameworksBuildPhase section */

/* Begin PBXGroup section */
		19DAE7BD19D30BD400519D22 = {
			isa = PBXGroup;
			children = (
				19DAE7C819D30BD400519D22 /* TESTTTTTTT */,
				19DAE7E819D30BD400519D22 /* TESTTTTTTTTests */,
				19DAE7C719D30BD400519D22 /* Products */,
			);
			sourceTree = "<group>";
		};
		19DAE7C719D30BD400519D22 /* Products */ = {
			isa = PBXGroup;
			children = (
				19DAE7C619D30BD400519D22 /* TESTTTTTTT.app */,
				19DAE7E519D30BD400519D22 /* TESTTTTTTTTests.xctest */,
			);
			name = Products;
			sourceTree = "<group>";
		};
		19DAE7C819D30BD400519D22 /* TESTTTTTTT */ = {
			isa = PBXGroup;
			children = (
				19DAE7CD19D30BD400519D22 /* AppDelegate.h */,
				19DAE7CE19D30BD400519D22 /* AppDelegate.m */,
				19DAE7D319D30BD400519D22 /* MasterViewController.h */,
				19DAE7D419D30BD400519D22 /* MasterViewController.m */,
				19DAE7D619D30BD400519D22 /* DetailViewController.h */,
				19DAE7D719D30BD400519D22 /* DetailViewController.m */,
				19DAE7D919D30BD400519D22 /* Main.storyboard */,
				19DAE7DC19D30BD400519D22 /* Images.xcassets */,
				19DAE7DE19D30BD400519D22 /* LaunchScreen.xib */,
				19DAE7D019D30BD400519D22 /* TESTTTTTTT.xcdatamodeld */,
				19DAE7C919D30BD400519D22 /* Supporting Files */,
			);
			path = TESTTTTTTT;
			sourceTree = "<group>";
		};
		19DAE7C919D30BD400519D22 /* Supporting Files */ = {
			isa = PBXGroup;
			children = (
				19DAE7CA19D30BD400519D22 /* Info.plist */,
				19DAE7CB19D30BD400519D22 /* main.m */,
			);
			name = "Supporting Files";
			sourceTree = "<group>";
		};
		19DAE7E819D30BD400519D22 /* TESTTTTTTTTests */ = {
			isa = PBXGroup;
			children = (
				19DAE7EB19D30BD400519D22 /* TESTTTTTTTTests.m */,
				19DAE7E919D30BD400519D22 /* Supporting Files */,
			);
			path = TESTTTTTTTTests;
			sourceTree = "<group>";
		};
		19DAE7E919D30BD400519D22 /* Supporting Files */ = {
			isa = PBXGroup;
			children = (
				19DAE7EA19D30BD400519D22 /* Info.plist */,
			);
			name = "Supporting Files";
			sourceTree = "<group>";
		};
/* End PBXGroup section */

/* Begin PBXNativeTarget section */
		19DAE7C519D30BD400519D22 /* TESTTTTTTT */ = {
			isa = PBXNativeTarget;
			buildConfigurationList = 19DAE7EF19D30BD400519D22 /* Build configuration list for PBXNativeTarget "TESTTTTTTT" */;
			buildPhases = (
				19DAE7C219D30BD400519D22 /* Sources */,
				19DAE7C319D30BD400519D22 /* Frameworks */,
				19DAE7C419D30BD400519D22 /* Resources */,
			);
			buildRules = (
			);
			dependencies = (
			);
			name = TESTTTTTTT;
			productName = TESTTTTTTT;
			productReference = 19DAE7C619D30BD400519D22 /* TESTTTTTTT.app */;
			productType = "com.apple.product-type.application";
		};
		19DAE7E419D30BD400519D22 /* TESTTTTTTTTests */ = {
			isa = PBXNativeTarget;
			buildConfigurationList = 19DAE7F219D30BD400519D22 /* Build configuration list for PBXNativeTarget "TESTTTTTTTTests" */;
			buildPhases = (
				19DAE7E119D30BD400519D22 /* Sources */,
				19DAE7E219D30BD400519D22 /* Frameworks */,
				19DAE7E319D30BD400519D22 /* Resources */,
			);
			buildRules = (
			);
			dependencies = (
				19DAE7E719D30BD400519D22 /* PBXTargetDependency */,
			);
			name = TESTTTTTTTTests;
			productName = TESTTTTTTTTests;
			productReference = 19DAE7E519D30BD400519D22 /* TESTTTTTTTTests.xctest */;
			productType = "com.apple.product-type.bundle.unit-test";
		};
/* End PBXNativeTarget section */

/* Begin PBXProject section */
		19DAE7BE19D30BD400519D22 /* Project object */ = {
			isa = PBXProject;
			attributes = {
				LastUpgradeCheck = 0600;
				ORGANIZATIONNAME = szk;
				TargetAttributes = {
					19DAE7C519D30BD400519D22 = {
						CreatedOnToolsVersion = 6.0.1;
					};
					19DAE7E419D30BD400519D22 = {
						CreatedOnToolsVersion = 6.0.1;
						TestTargetID = 19DAE7C519D30BD400519D22;
					};
				};
			};
			buildConfigurationList = 19DAE7C119D30BD400519D22 /* Build configuration list for PBXProject "TESTTTTTTT" */;
			compatibilityVersion = "Xcode 3.2";
			developmentRegion = English;
			hasScannedForEncodings = 0;
			knownRegions = (
				en,
				Base,
			);
			mainGroup = 19DAE7BD19D30BD400519D22;
			productRefGroup = 19DAE7C719D30BD400519D22 /* Products */;
			projectDirPath = "";
			projectRoot = "";
			targets = (
				19DAE7C519D30BD400519D22 /* TESTTTTTTT */,
				19DAE7E419D30BD400519D22 /* TESTTTTTTTTests */,
			);
		};
/* End PBXProject section */

/* Begin PBXResourcesBuildPhase section */
		19DAE7C419D30BD400519D22 /* Resources */ = {
			isa = PBXResourcesBuildPhase;
			buildActionMask = 2147483647;
			files = (
				19DAE7DB19D30BD400519D22 /* Main.storyboard in Resources */,
				19DAE7E019D30BD400519D22 /* LaunchScreen.xib in Resources */,
				19DAE7DD19D30BD400519D22 /* Images.xcassets in Resources */,
			);
			runOnlyForDeploymentPostprocessing = 0;
		};
		19DAE7E319D30BD400519D22 /* Resources */ = {
			isa = PBXResourcesBuildPhase;
			buildActionMask = 2147483647;
			files = (
			);
			runOnlyForDeploymentPostprocessing = 0;
		};
/* End PBXResourcesBuildPhase section */

/* Begin PBXSourcesBuildPhase section */
		19DAE7C219D30BD400519D22 /* Sources */ = {
			isa = PBXSourcesBuildPhase;
			buildActionMask = 2147483647;
			files = (
				19DAE7D819D30BD400519D22 /* DetailViewController.m in Sources */,
				19DAE7D519D30BD400519D22 /* MasterViewController.m in Sources */,
				19DAE7CF19D30BD400519D22 /* AppDelegate.m in Sources */,
				19DAE7D219D30BD400519D22 /* TESTTTTTTT.xcdatamodeld in Sources */,
				19DAE7CC19D30BD400519D22 /* main.m in Sources */,
			);
			runOnlyForDeploymentPostprocessing = 0;
		};
		19DAE7E119D30BD400519D22 /* Sources */ = {
			isa = PBXSourcesBuildPhase;
			buildActionMask = 2147483647;
			files = (
				19DAE7EC19D30BD400519D22 /* TESTTTTTTTTests.m in Sources */,
			);
			runOnlyForDeploymentPostprocessing = 0;
		};
/* End PBXSourcesBuildPhase section */

/* Begin PBXTargetDependency section */
		19DAE7E719D30BD400519D22 /* PBXTargetDependency */ = {
			isa = PBXTargetDependency;
			target = 19DAE7C519D30BD400519D22 /* TESTTTTTTT */;
			targetProxy = 19DAE7E619D30BD400519D22 /* PBXContainerItemProxy */;
		};
/* End PBXTargetDependency section */

/* Begin PBXVariantGroup section */
		19DAE7D919D30BD400519D22 /* Main.storyboard */ = {
			isa = PBXVariantGroup;
			children = (
				19DAE7DA19D30BD400519D22 /* Base */,
			);
			name = Main.storyboard;
			sourceTree = "<group>";
		};
		19DAE7DE19D30BD400519D22 /* LaunchScreen.xib */ = {
			isa = PBXVariantGroup;
			children = (
				19DAE7DF19D30BD400519D22 /* Base */,
			);
			name = LaunchScreen.xib;
			sourceTree = "<group>";
		};
/* End PBXVariantGroup section */

/* Begin XCBuildConfiguration section */
		19DAE7ED19D30BD400519D22 /* Debug */ = {
			isa = XCBuildConfiguration;
			buildSettings = {
				ALWAYS_SEARCH_USER_PATHS = NO;
				CLANG_CXX_LANGUAGE_STANDARD = "gnu++0x";
				CLANG_CXX_LIBRARY = "libc++";
				CLANG_ENABLE_MODULES = YES;
				CLANG_ENABLE_OBJC_ARC = YES;
				CLANG_WARN_BOOL_CONVERSION = YES;
				CLANG_WARN_CONSTANT_CONVERSION = YES;
				CLANG_WARN_DIRECT_OBJC_ISA_USAGE = YES_ERROR;
				CLANG_WARN_EMPTY_BODY = YES;
				CLANG_WARN_ENUM_CONVERSION = YES;
				CLANG_WARN_INT_CONVERSION = YES;
				CLANG_WARN_OBJC_ROOT_CLASS = YES_ERROR;
				CLANG_WARN_UNREACHABLE_CODE = YES;
				CLANG_WARN__DUPLICATE_METHOD_MATCH = YES;
				"CODE_SIGN_IDENTITY[sdk=iphoneos*]" = "iPhone Developer";
				COPY_PHASE_STRIP = NO;
				ENABLE_STRICT_OBJC_MSGSEND = YES;
				GCC_C_LANGUAGE_STANDARD = gnu99;
				GCC_DYNAMIC_NO_PIC = NO;
				GCC_OPTIMIZATION_LEVEL = 0;
				GCC_PREPROCESSOR_DEFINITIONS = (
					"DEBUG=1",
					"$(inherited)",
				);
				GCC_SYMBOLS_PRIVATE_EXTERN = NO;
				GCC_WARN_64_TO_32_BIT_CONVERSION = YES;
				GCC_WARN_ABOUT_RETURN_TYPE = YES_ERROR;
				GCC_WARN_UNDECLARED_SELECTOR = YES;
				GCC_WARN_UNINITIALIZED_AUTOS = YES_AGGRESSIVE;
				GCC_WARN_UNUSED_FUNCTION = YES;
				GCC_WARN_UNUSED_VARIABLE = YES;
				IPHONEOS_DEPLOYMENT_TARGET = 8.0;
				MTL_ENABLE_DEBUG_INFO = YES;
				ONLY_ACTIVE_ARCH = YES;
				SDKROOT = iphoneos;
			};
			name = Debug;
		};
		19DAE7EE19D30BD400519D22 /* Release */ = {
			isa = XCBuildConfiguration;
			buildSettings = {
				ALWAYS_SEARCH_USER_PATHS = NO;
				CLANG_CXX_LANGUAGE_STANDARD = "gnu++0x";
				CLANG_CXX_LIBRARY = "libc++";
				CLANG_ENABLE_MODULES = YES;
				CLANG_ENABLE_OBJC_ARC = YES;
				CLANG_WARN_BOOL_CONVERSION = YES;
				CLANG_WARN_CONSTANT_CONVERSION = YES;
				CLANG_WARN_DIRECT_OBJC_ISA_USAGE = YES_ERROR;
				CLANG_WARN_EMPTY_BODY = YES;
				CLANG_WARN_ENUM_CONVERSION = YES;
				CLANG_WARN_INT_CONVERSION = YES;
				CLANG_WARN_OBJC_ROOT_CLASS = YES_ERROR;
				CLANG_WARN_UNREACHABLE_CODE = YES;
				CLANG_WARN__DUPLICATE_METHOD_MATCH = YES;
				"CODE_SIGN_IDENTITY[sdk=iphoneos*]" = "iPhone Developer";
				COPY_PHASE_STRIP = YES;
				ENABLE_NS_ASSERTIONS = NO;
				ENABLE_STRICT_OBJC_MSGSEND = YES;
				GCC_C_LANGUAGE_STANDARD = gnu99;
				GCC_WARN_64_TO_32_BIT_CONVERSION = YES;
				GCC_WARN_ABOUT_RETURN_TYPE = YES_ERROR;
				GCC_WARN_UNDECLARED_SELECTOR = YES;
				GCC_WARN_UNINITIALIZED_AUTOS = YES_AGGRESSIVE;
				GCC_WARN_UNUSED_FUNCTION = YES;
				GCC_WARN_UNUSED_VARIABLE = YES;
				IPHONEOS_DEPLOYMENT_TARGET = 8.0;
				MTL_ENABLE_DEBUG_INFO = NO;
				SDKROOT = iphoneos;
				VALIDATE_PRODUCT = YES;
			};
			name = Release;
		};
		19DAE7F019D30BD400519D22 /* Debug */ = {
			isa = XCBuildConfiguration;
			buildSettings = {
				ASSETCATALOG_COMPILER_APPICON_NAME = AppIcon;
				INFOPLIST_FILE = TESTTTTTTT/Info.plist;
				LD_RUNPATH_SEARCH_PATHS = "$(inherited) @executable_path/Frameworks";
				PRODUCT_NAME = "$(TARGET_NAME)";
			};
			name = Debug;
		};
		19DAE7F119D30BD400519D22 /* Release */ = {
			isa = XCBuildConfiguration;
			buildSettings = {
				ASSETCATALOG_COMPILER_APPICON_NAME = AppIcon;
				INFOPLIST_FILE = TESTTTTTTT/Info.plist;
				LD_RUNPATH_SEARCH_PATHS = "$(inherited) @executable_path/Frameworks";
				PRODUCT_NAME = "$(TARGET_NAME)";
			};
			name = Release;
		};
		19DAE7F319D30BD400519D22 /* Debug */ = {
			isa = XCBuildConfiguration;
			buildSettings = {
				BUNDLE_LOADER = "$(TEST_HOST)";
				FRAMEWORK_SEARCH_PATHS = (
					"$(SDKROOT)/Developer/Library/Frameworks",
					"$(inherited)",
				);
				GCC_PREPROCESSOR_DEFINITIONS = (
					"DEBUG=1",
					"$(inherited)",
				);
				INFOPLIST_FILE = TESTTTTTTTTests/Info.plist;
				LD_RUNPATH_SEARCH_PATHS = "$(inherited) @executable_path/Frameworks @loader_path/Frameworks";
				PRODUCT_NAME = "$(TARGET_NAME)";
				TEST_HOST = "$(BUILT_PRODUCTS_DIR)/TESTTTTTTT.app/TESTTTTTTT";
			};
			name = Debug;
		};
		19DAE7F419D30BD400519D22 /* Release */ = {
			isa = XCBuildConfiguration;
			buildSettings = {
				BUNDLE_LOADER = "$(TEST_HOST)";
				FRAMEWORK_SEARCH_PATHS = (
					"$(SDKROOT)/Developer/Library/Frameworks",
					"$(inherited)",
				);
				INFOPLIST_FILE = TESTTTTTTTTests/Info.plist;
				LD_RUNPATH_SEARCH_PATHS = "$(inherited) @executable_path/Frameworks @loader_path/Frameworks";
				PRODUCT_NAME = "$(TARGET_NAME)";
				TEST_HOST = "$(BUILT_PRODUCTS_DIR)/TESTTTTTTT.app/TESTTTTTTT";
			};
			name = Release;
		};
/* End XCBuildConfiguration section */

/* Begin XCConfigurationList section */
		19DAE7C119D30BD400519D22 /* Build configuration list for PBXProject "TESTTTTTTT" */ = {
			isa = XCConfigurationList;
			buildConfigurations = (
				19DAE7ED19D30BD400519D22 /* Debug */,
				19DAE7EE19D30BD400519D22 /* Release */,
			);
			defaultConfigurationIsVisible = 0;
			defaultConfigurationName = Release;
		};
		19DAE7EF19D30BD400519D22 /* Build configuration list for PBXNativeTarget "TESTTTTTTT" */ = {
			isa = XCConfigurationList;
			buildConfigurations = (
				19DAE7F019D30BD400519D22 /* Debug */,
				19DAE7F119D30BD400519D22 /* Release */,
			);
			defaultConfigurationIsVisible = 0;
		};
		19DAE7F219D30BD400519D22 /* Build configuration list for PBXNativeTarget "TESTTTTTTTTests" */ = {
			isa = XCConfigurationList;
			buildConfigurations = (
				19DAE7F319D30BD400519D22 /* Debug */,
				19DAE7F419D30BD400519D22 /* Release */,
			);
			defaultConfigurationIsVisible = 0;
		};
/* End XCConfigurationList section */

/* Begin XCVersionGroup section */
		19DAE7D019D30BD400519D22 /* TESTTTTTTT.xcdatamodeld */ = {
			isa = XCVersionGroup;
			children = (
				19DAE7D119D30BD400519D22 /* TESTTTTTTT.xcdatamodel */,
			);
			currentVersion = 19DAE7D119D30BD400519D22 /* TESTTTTTTT.xcdatamodel */;
			path = TESTTTTTTT.xcdatamodeld;
			sourceTree = "<group>";
			versionGroupType = wrapper.xcdatamodel;
		};
/* End XCVersionGroup section */
	};
	rootObject = 19DAE7BE19D30BD400519D22 /* Project object */;
}
